
Microsoft Visual Studio Solution File, Format Version 12.00
# Visual Studio 15
VisualStudioVersion = 15.0.26730.16
MinimumVisualStudioVersion = 10.0.40219.1
Project("{FAE04EC0-301F-11D3-BF4B-00C04F79EFBC}") = "15", "15\15.csproj", "{79B372AB-69EE-4A2E-B7AD-22C62278E8B7}"
EndProject
Global
	GlobalSection(SolutionConfigurationPlatforms) = preSolution
		Debug|Any CPU = Debug|Any CPU
		Release|Any CPU = Release|Any CPU
	EndGlobalSection
	GlobalSection(ProjectConfigurationPlatforms) = postSolution
		{79B372AB-69EE-4A2E-B7AD-22C62278E8B7}.Debug|Any CPU.ActiveCfg = Debug|Any CPU
		{79B372AB-69EE-4A2E-B7AD-22C62278E8B7}.Debug|Any CPU.Build.0 = Debug|Any CPU
		{79B372AB-69EE-4A2E-B7AD-22C62278E8B7}.Release|Any CPU.ActiveCfg = Release|Any CPU
		{79B372AB-69EE-4A2E-B7AD-22C62278E8B7}.Release|Any CPU.Build.0 = Release|Any CPU
	EndGlobalSection
	GlobalSection(SolutionProperties) = preSolution
		HideSolutionNode = FALSE
	EndGlobalSection
	GlobalSection(ExtensibilityGlobals) = postSolution
		SolutionGuid = {FFC77887-13FD-4DB5-9FF3-0C225B92DAC4}
	EndGlobalSection
EndGlobal
